
Microsoft Visual Studio Solution File, Format Version 12.00
# Visual Studio Version 17
VisualStudioVersion = 17.13.35825.156 d17.13
MinimumVisualStudioVersion = 10.0.40219.1
Project("{FAE04EC0-301F-11D3-BF4B-00C04F79EFBC}") = "Teste", "Teste\Teste.csproj", "{AB54DC7F-DAF3-4659-A390-0E541197944F}"
EndProject
Global
	GlobalSection(SolutionConfigurationPlatforms) = preSolution
		Debug|Any CPU = Debug|Any CPU
		Release|Any CPU = Release|Any CPU
	EndGlobalSection
	GlobalSection(ProjectConfigurationPlatforms) = postSolution
		{AB54DC7F-DAF3-4659-A390-0E541197944F}.Debug|Any CPU.ActiveCfg = Debug|Any CPU
		{AB54DC7F-DAF3-4659-A390-0E541197944F}.Debug|Any CPU.Build.0 = Debug|Any CPU
		{AB54DC7F-DAF3-4659-A390-0E541197944F}.Release|Any CPU.ActiveCfg = Release|Any CPU
		{AB54DC7F-DAF3-4659-A390-0E541197944F}.Release|Any CPU.Build.0 = Release|Any CPU
	EndGlobalSection
	GlobalSection(SolutionProperties) = preSolution
		HideSolutionNode = FALSE
	EndGlobalSection
	GlobalSection(ExtensibilityGlobals) = postSolution
		SolutionGuid = {333212D5-3546-40AA-BDCA-C421A84390A1}
	EndGlobalSection
EndGlobal
